
Microsoft Visual Studio Solution File, Format Version 12.00
# Visual Studio Version 17
VisualStudioVersion = 17.1.32210.238
MinimumVisualStudioVersion = 10.0.40219.1
Project("{FAE04EC0-301F-11D3-BF4B-00C04F79EFBC}") = "modul2_1302204092", "modul2_1302204092\modul2_1302204092.csproj", "{4010C91A-D83E-47C1-80AF-7B664F6B74E4}"
EndProject
Global
	GlobalSection(SolutionConfigurationPlatforms) = preSolution
		Debug|Any CPU = Debug|Any CPU
		Release|Any CPU = Release|Any CPU
	EndGlobalSection
	GlobalSection(ProjectConfigurationPlatforms) = postSolution
		{4010C91A-D83E-47C1-80AF-7B664F6B74E4}.Debug|Any CPU.ActiveCfg = Debug|Any CPU
		{4010C91A-D83E-47C1-80AF-7B664F6B74E4}.Debug|Any CPU.Build.0 = Debug|Any CPU
		{4010C91A-D83E-47C1-80AF-7B664F6B74E4}.Release|Any CPU.ActiveCfg = Release|Any CPU
		{4010C91A-D83E-47C1-80AF-7B664F6B74E4}.Release|Any CPU.Build.0 = Release|Any CPU
	EndGlobalSection
	GlobalSection(SolutionProperties) = preSolution
		HideSolutionNode = FALSE
	EndGlobalSection
	GlobalSection(ExtensibilityGlobals) = postSolution
		SolutionGuid = {62E384CD-71C5-4904-A48F-2A92BA3EF6C7}
	EndGlobalSection
EndGlobal
